
Microsoft Visual Studio Solution File, Format Version 12.00
# Visual Studio Version 17
VisualStudioVersion = 17.5.002.0
MinimumVisualStudioVersion = 10.0.40219.1
Project("{9A19103F-16F7-4668-BE54-9A1E7A4F7556}") = "ElasticSample", "ElasticSample.csproj", "{3F3B7130-2C36-45E6-8771-0D7CBB44B4FF}"
EndProject
Global
	GlobalSection(SolutionConfigurationPlatforms) = preSolution
		Debug|Any CPU = Debug|Any CPU
		Release|Any CPU = Release|Any CPU
	EndGlobalSection
	GlobalSection(ProjectConfigurationPlatforms) = postSolution
		{3F3B7130-2C36-45E6-8771-0D7CBB44B4FF}.Debug|Any CPU.ActiveCfg = Debug|Any CPU
		{3F3B7130-2C36-45E6-8771-0D7CBB44B4FF}.Debug|Any CPU.Build.0 = Debug|Any CPU
		{3F3B7130-2C36-45E6-8771-0D7CBB44B4FF}.Release|Any CPU.ActiveCfg = Release|Any CPU
		{3F3B7130-2C36-45E6-8771-0D7CBB44B4FF}.Release|Any CPU.Build.0 = Release|Any CPU
	EndGlobalSection
	GlobalSection(SolutionProperties) = preSolution
		HideSolutionNode = FALSE
	EndGlobalSection
	GlobalSection(ExtensibilityGlobals) = postSolution
		SolutionGuid = {F8C23794-D0C3-4DA0-9846-3B4838AA7156}
	EndGlobalSection
EndGlobal
